
Microsoft Visual Studio Solution File, Format Version 12.00
# Visual Studio Version 17
VisualStudioVersion = 17.13.35913.81 d17.13
MinimumVisualStudioVersion = 10.0.40219.1
Project("{FAE04EC0-301F-11D3-BF4B-00C04F79EFBC}") = "OmniMarket", "OmniMarket\OmniMarket.csproj", "{F754902F-42DA-4D4F-8B53-032A4291F334}"
EndProject
Global
	GlobalSection(SolutionConfigurationPlatforms) = preSolution
		Debug|Any CPU = Debug|Any CPU
		Release|Any CPU = Release|Any CPU
	EndGlobalSection
	GlobalSection(ProjectConfigurationPlatforms) = postSolution
		{F754902F-42DA-4D4F-8B53-032A4291F334}.Debug|Any CPU.ActiveCfg = Debug|Any CPU
		{F754902F-42DA-4D4F-8B53-032A4291F334}.Debug|Any CPU.Build.0 = Debug|Any CPU
		{F754902F-42DA-4D4F-8B53-032A4291F334}.Debug|Any CPU.Deploy.0 = Debug|Any CPU
		{F754902F-42DA-4D4F-8B53-032A4291F334}.Release|Any CPU.ActiveCfg = Release|Any CPU
		{F754902F-42DA-4D4F-8B53-032A4291F334}.Release|Any CPU.Build.0 = Release|Any CPU
		{F754902F-42DA-4D4F-8B53-032A4291F334}.Release|Any CPU.Deploy.0 = Release|Any CPU
	EndGlobalSection
	GlobalSection(SolutionProperties) = preSolution
		HideSolutionNode = FALSE
	EndGlobalSection
	GlobalSection(ExtensibilityGlobals) = postSolution
		SolutionGuid = {37242A14-39D6-42B2-947A-9024037AC160}
	EndGlobalSection
EndGlobal
